Microsoft Visual Studio Solution File, Format Version 11.00
# Visual Studio 2008

Project("{C6745117-6188-9E22-153D-93E1CAAC5ADF}") = "BasketWars3", "Assembly-CSharp.csproj", "{B6E44C50-81F7-3D8C-D1F3-C798D0FE377F}"
EndProject
Project("{C6745117-6188-9E22-153D-93E1CAAC5ADF}") = "BasketWars3", "Assembly-CSharp-Editor.csproj", "{D2FA87A6-A6E9-47DA-2D8F-3DE5E3596192}"
EndProject
Global
	GlobalSection(SolutionConfigurationPlatforms) = preSolution
		Debug|Any CPU = Debug|Any CPU
		Release|Any CPU = Release|Any CPU
	EndGlobalSection
	GlobalSection(ProjectConfigurationPlatforms) = postSolution
		{B6E44C50-81F7-3D8C-D1F3-C798D0FE377F}.Debug|Any CPU.ActiveCfg = Debug|Any CPU
		{B6E44C50-81F7-3D8C-D1F3-C798D0FE377F}.Debug|Any CPU.Build.0 = Debug|Any CPU
		{B6E44C50-81F7-3D8C-D1F3-C798D0FE377F}.Release|Any CPU.ActiveCfg = Release|Any CPU
		{B6E44C50-81F7-3D8C-D1F3-C798D0FE377F}.Release|Any CPU.Build.0 = Release|Any CPU
		{D2FA87A6-A6E9-47DA-2D8F-3DE5E3596192}.Debug|Any CPU.ActiveCfg = Debug|Any CPU
		{D2FA87A6-A6E9-47DA-2D8F-3DE5E3596192}.Debug|Any CPU.Build.0 = Debug|Any CPU
		{D2FA87A6-A6E9-47DA-2D8F-3DE5E3596192}.Release|Any CPU.ActiveCfg = Release|Any CPU
		{D2FA87A6-A6E9-47DA-2D8F-3DE5E3596192}.Release|Any CPU.Build.0 = Release|Any CPU
	EndGlobalSection
	GlobalSection(SolutionProperties) = preSolution
		HideSolutionNode = FALSE
	EndGlobalSection
	GlobalSection(MonoDevelopProperties) = preSolution
		StartupItem = Assembly-CSharp.csproj
	EndGlobalSection
EndGlobal
